
Microsoft Visual Studio Solution File, Format Version 12.00
# Visual Studio Version 17
VisualStudioVersion = 17.9.34723.18
MinimumVisualStudioVersion = 10.0.40219.1
Project("{9A19103F-16F7-4668-BE54-9A1E7A4F7556}") = "user-service", "user-service\user-service.csproj", "{FBDC627B-A633-4DE2-9AA4-FEE1723613F2}"
EndProject
Project("{9A19103F-16F7-4668-BE54-9A1E7A4F7556}") = "project-service", "project-service\project-service.csproj", "{661338BB-3F98-4F96-993B-9F787FC006B5}"
EndProject
Global
	GlobalSection(SolutionConfigurationPlatforms) = preSolution
		Debug|Any CPU = Debug|Any CPU
		Release|Any CPU = Release|Any CPU
	EndGlobalSection
	GlobalSection(ProjectConfigurationPlatforms) = postSolution
		{FBDC627B-A633-4DE2-9AA4-FEE1723613F2}.Debug|Any CPU.ActiveCfg = Debug|Any CPU
		{FBDC627B-A633-4DE2-9AA4-FEE1723613F2}.Debug|Any CPU.Build.0 = Debug|Any CPU
		{FBDC627B-A633-4DE2-9AA4-FEE1723613F2}.Release|Any CPU.ActiveCfg = Release|Any CPU
		{FBDC627B-A633-4DE2-9AA4-FEE1723613F2}.Release|Any CPU.Build.0 = Release|Any CPU
		{661338BB-3F98-4F96-993B-9F787FC006B5}.Debug|Any CPU.ActiveCfg = Debug|Any CPU
		{661338BB-3F98-4F96-993B-9F787FC006B5}.Debug|Any CPU.Build.0 = Debug|Any CPU
		{661338BB-3F98-4F96-993B-9F787FC006B5}.Release|Any CPU.ActiveCfg = Release|Any CPU
		{661338BB-3F98-4F96-993B-9F787FC006B5}.Release|Any CPU.Build.0 = Release|Any CPU
	EndGlobalSection
	GlobalSection(SolutionProperties) = preSolution
		HideSolutionNode = FALSE
	EndGlobalSection
	GlobalSection(ExtensibilityGlobals) = postSolution
		SolutionGuid = {D0FEE3B9-AE55-4BCE-9BD8-0FC040896068}
	EndGlobalSection
EndGlobal
